// !$*UTF8*$!
{
	archiveVersion = 1;
	classes = {
	};
	objectVersion = 56;
	objects = {

/* Begin PBXBuildFile section */
		3967BE732A2A5A95003E82F2 /* NetworksIIApp.swift in Sources */ = {isa = PBXBuildFile; fileRef = 3967BE722A2A5A95003E82F2 /* NetworksIIApp.swift */; };
		3967BE772A2A5A97003E82F2 /* Assets.xcassets in Resources */ = {isa = PBXBuildFile; fileRef = 3967BE762A2A5A97003E82F2 /* Assets.xcassets */; };
		3967BE7A2A2A5A97003E82F2 /* Preview Assets.xcassets in Resources */ = {isa = PBXBuildFile; fileRef = 3967BE792A2A5A97003E82F2 /* Preview Assets.xcassets */; };
		397353FB2A3A39210015FE6B /* View+Extensions.swift in Sources */ = {isa = PBXBuildFile; fileRef = 397353FA2A3A39210015FE6B /* View+Extensions.swift */; };
		398CD4302A3BA9BA0069749D /* InformationView.swift in Sources */ = {isa = PBXBuildFile; fileRef = 398CD42F2A3BA9BA0069749D /* InformationView.swift */; };
		398CD4332A3BB64D0069749D /* Simulation.swift in Sources */ = {isa = PBXBuildFile; fileRef = 398CD4322A3BB64D0069749D /* Simulation.swift */; };
		398CD4372A41E64B0069749D /* LinesView.swift in Sources */ = {isa = PBXBuildFile; fileRef = 398CD4362A41E64B0069749D /* LinesView.swift */; };
		398CD43D2A42249D0069749D /* ChannelComponent.swift in Sources */ = {isa = PBXBuildFile; fileRef = 398CD43C2A42249D0069749D /* ChannelComponent.swift */; };
		398CD4402A4224F50069749D /* ChannelInformationComponent.swift in Sources */ = {isa = PBXBuildFile; fileRef = 398CD43F2A4224F50069749D /* ChannelInformationComponent.swift */; };
		398CD4422A4225270069749D /* SenderInformationComponent.swift in Sources */ = {isa = PBXBuildFile; fileRef = 398CD4412A4225270069749D /* SenderInformationComponent.swift */; };
		398CD4452A4225730069749D /* LineComponent.swift in Sources */ = {isa = PBXBuildFile; fileRef = 398CD4442A4225730069749D /* LineComponent.swift */; };
		398CD4472A42259C0069749D /* SenderSimulationComponent.swift in Sources */ = {isa = PBXBuildFile; fileRef = 398CD4462A42259C0069749D /* SenderSimulationComponent.swift */; };
		39D97EFE2A338EF800CEA0FE /* TransmissionChannel.swift in Sources */ = {isa = PBXBuildFile; fileRef = 39D97EFD2A338EF800CEA0FE /* TransmissionChannel.swift */; };
		39D97F002A338F9C00CEA0FE /* Sender.swift in Sources */ = {isa = PBXBuildFile; fileRef = 39D97EFF2A338F9C00CEA0FE /* Sender.swift */; };
		39D97F062A33CDC200CEA0FE /* Backoff.swift in Sources */ = {isa = PBXBuildFile; fileRef = 39D97F052A33CDC200CEA0FE /* Backoff.swift */; };
		39D97F092A33DDED00CEA0FE /* SenderView.swift in Sources */ = {isa = PBXBuildFile; fileRef = 39D97F082A33DDED00CEA0FE /* SenderView.swift */; };
		39E9FEAC2A38057C003A791C /* SimulationView.swift in Sources */ = {isa = PBXBuildFile; fileRef = 39E9FEAB2A38057C003A791C /* SimulationView.swift */; };
		39E9FEAE2A38058A003A791C /* SideMenuView.swift in Sources */ = {isa = PBXBuildFile; fileRef = 39E9FEAD2A38058A003A791C /* SideMenuView.swift */; };
		39E9FEB02A3805AD003A791C /* Main.swift in Sources */ = {isa = PBXBuildFile; fileRef = 39E9FEAF2A3805AD003A791C /* Main.swift */; };
/* End PBXBuildFile section */

/* Begin PBXFileReference section */
		3967BE6F2A2A5A95003E82F2 /* NetworksII.app */ = {isa = PBXFileReference; explicitFileType = wrapper.application; includeInIndex = 0; path = NetworksII.app; sourceTree = BUILT_PRODUCTS_DIR; };
		3967BE722A2A5A95003E82F2 /* NetworksIIApp.swift */ = {isa = PBXFileReference; lastKnownFileType = sourcecode.swift; path = NetworksIIApp.swift; sourceTree = "<group>"; };
		3967BE762A2A5A97003E82F2 /* Assets.xcassets */ = {isa = PBXFileReference; lastKnownFileType = folder.assetcatalog; path = Assets.xcassets; sourceTree = "<group>"; };
		3967BE792A2A5A97003E82F2 /* Preview Assets.xcassets */ = {isa = PBXFileReference; lastKnownFileType = folder.assetcatalog; path = "Preview Assets.xcassets"; sourceTree = "<group>"; };
		3967BE7B2A2A5A97003E82F2 /* NetworksII.entitlements */ = {isa = PBXFileReference; lastKnownFileType = text.plist.entitlements; path = NetworksII.entitlements; sourceTree = "<group>"; };
		397353FA2A3A39210015FE6B /* View+Extensions.swift */ = {isa = PBXFileReference; lastKnownFileType = sourcecode.swift; path = "View+Extensions.swift"; sourceTree = "<group>"; };
		398CD42F2A3BA9BA0069749D /* InformationView.swift */ = {isa = PBXFileReference; lastKnownFileType = sourcecode.swift; path = InformationView.swift; sourceTree = "<group>"; };
		398CD4322A3BB64D0069749D /* Simulation.swift */ = {isa = PBXFileReference; lastKnownFileType = sourcecode.swift; path = Simulation.swift; sourceTree = "<group>"; };
		398CD4362A41E64B0069749D /* LinesView.swift */ = {isa = PBXFileReference; lastKnownFileType = sourcecode.swift; path = LinesView.swift; sourceTree = "<group>"; };
		398CD43C2A42249D0069749D /* ChannelComponent.swift */ = {isa = PBXFileReference; lastKnownFileType = sourcecode.swift; path = ChannelComponent.swift; sourceTree = "<group>"; };
		398CD43F2A4224F50069749D /* ChannelInformationComponent.swift */ = {isa = PBXFileReference; lastKnownFileType = sourcecode.swift; path = ChannelInformationComponent.swift; sourceTree = "<group>"; };
		398CD4412A4225270069749D /* SenderInformationComponent.swift */ = {isa = PBXFileReference; lastKnownFileType = sourcecode.swift; path = SenderInformationComponent.swift; sourceTree = "<group>"; };
		398CD4442A4225730069749D /* LineComponent.swift */ = {isa = PBXFileReference; lastKnownFileType = sourcecode.swift; path = LineComponent.swift; sourceTree = "<group>"; };
		398CD4462A42259C0069749D /* SenderSimulationComponent.swift */ = {isa = PBXFileReference; lastKnownFileType = sourcecode.swift; path = SenderSimulationComponent.swift; sourceTree = "<group>"; };
		39D97EFD2A338EF800CEA0FE /* TransmissionChannel.swift */ = {isa = PBXFileReference; lastKnownFileType = sourcecode.swift; path = TransmissionChannel.swift; sourceTree = "<group>"; };
		39D97EFF2A338F9C00CEA0FE /* Sender.swift */ = {isa = PBXFileReference; lastKnownFileType = sourcecode.swift; path = Sender.swift; sourceTree = "<group>"; };
		39D97F052A33CDC200CEA0FE /* Backoff.swift */ = {isa = PBXFileReference; lastKnownFileType = sourcecode.swift; path = Backoff.swift; sourceTree = "<group>"; };
		39D97F082A33DDED00CEA0FE /* SenderView.swift */ = {isa = PBXFileReference; lastKnownFileType = sourcecode.swift; path = SenderView.swift; sourceTree = "<group>"; };
		39E9FEAB2A38057C003A791C /* SimulationView.swift */ = {isa = PBXFileReference; lastKnownFileType = sourcecode.swift; path = SimulationView.swift; sourceTree = "<group>"; };
		39E9FEAD2A38058A003A791C /* SideMenuView.swift */ = {isa = PBXFileReference; lastKnownFileType = sourcecode.swift; path = SideMenuView.swift; sourceTree = "<group>"; };
		39E9FEAF2A3805AD003A791C /* Main.swift */ = {isa = PBXFileReference; lastKnownFileType = sourcecode.swift; path = Main.swift; sourceTree = "<group>"; };
/* End PBXFileReference section */

/* Begin PBXFrameworksBuildPhase section */
		3967BE6C2A2A5A95003E82F2 /* Frameworks */ = {
			isa = PBXFrameworksBuildPhase;
			buildActionMask = 2147483647;
			files = (
			);
			runOnlyForDeploymentPostprocessing = 0;
		};
/* End PBXFrameworksBuildPhase section */

/* Begin PBXGroup section */
		3967BE662A2A5A95003E82F2 = {
			isa = PBXGroup;
			children = (
				3967BE712A2A5A95003E82F2 /* NetworksII */,
				3967BE702A2A5A95003E82F2 /* Products */,
			);
			sourceTree = "<group>";
		};
		3967BE702A2A5A95003E82F2 /* Products */ = {
			isa = PBXGroup;
			children = (
				3967BE6F2A2A5A95003E82F2 /* NetworksII.app */,
			);
			name = Products;
			sourceTree = "<group>";
		};
		3967BE712A2A5A95003E82F2 /* NetworksII */ = {
			isa = PBXGroup;
			children = (
				3967BE722A2A5A95003E82F2 /* NetworksIIApp.swift */,
				39E9FEAF2A3805AD003A791C /* Main.swift */,
				398CD4322A3BB64D0069749D /* Simulation.swift */,
				39D97F012A338FB100CEA0FE /* Visual */,
				39D97F022A338FB700CEA0FE /* Back */,
				397353F92A3A390E0015FE6B /* Utils */,
				3967BE762A2A5A97003E82F2 /* Assets.xcassets */,
				3967BE7B2A2A5A97003E82F2 /* NetworksII.entitlements */,
				3967BE782A2A5A97003E82F2 /* Preview Content */,
			);
			path = NetworksII;
			sourceTree = "<group>";
		};
		3967BE782A2A5A97003E82F2 /* Preview Content */ = {
			isa = PBXGroup;
			children = (
				3967BE792A2A5A97003E82F2 /* Preview Assets.xcassets */,
			);
			path = "Preview Content";
			sourceTree = "<group>";
		};
		397353F92A3A390E0015FE6B /* Utils */ = {
			isa = PBXGroup;
			children = (
				397353FA2A3A39210015FE6B /* View+Extensions.swift */,
			);
			path = Utils;
			sourceTree = "<group>";
		};
		398CD4382A4224440069749D /* Simulation */ = {
			isa = PBXGroup;
			children = (
				39E9FEAB2A38057C003A791C /* SimulationView.swift */,
				398CD4432A42254F0069749D /* SubViews */,
			);
			path = Simulation;
			sourceTree = "<group>";
		};
		398CD4392A42244C0069749D /* Information */ = {
			isa = PBXGroup;
			children = (
				398CD42F2A3BA9BA0069749D /* InformationView.swift */,
			);
			path = Information;
			sourceTree = "<group>";
		};
		398CD43A2A4224520069749D /* SideMenu */ = {
			isa = PBXGroup;
			children = (
				39E9FEAD2A38058A003A791C /* SideMenuView.swift */,
			);
			path = SideMenu;
			sourceTree = "<group>";
		};
		398CD43B2A4224890069749D /* Simulation */ = {
			isa = PBXGroup;
			children = (
				398CD43C2A42249D0069749D /* ChannelComponent.swift */,
				398CD4462A42259C0069749D /* SenderSimulationComponent.swift */,
				398CD4442A4225730069749D /* LineComponent.swift */,
			);
			path = Simulation;
			sourceTree = "<group>";
		};
		398CD43E2A4224E30069749D /* Information */ = {
			isa = PBXGroup;
			children = (
				398CD43F2A4224F50069749D /* ChannelInformationComponent.swift */,
				398CD4412A4225270069749D /* SenderInformationComponent.swift */,
			);
			path = Information;
			sourceTree = "<group>";
		};
		398CD4432A42254F0069749D /* SubViews */ = {
			isa = PBXGroup;
			children = (
				39D97F082A33DDED00CEA0FE /* SenderView.swift */,
				398CD4362A41E64B0069749D /* LinesView.swift */,
			);
			path = SubViews;
			sourceTree = "<group>";
		};
		39D97F012A338FB100CEA0FE /* Visual */ = {
			isa = PBXGroup;
			children = (
				39E9FEAA2A380565003A791C /* Views */,
				39D97F072A33DDDA00CEA0FE /* Components */,
			);
			path = Visual;
			sourceTree = "<group>";
		};
		39D97F022A338FB700CEA0FE /* Back */ = {
			isa = PBXGroup;
			children = (
				39D97EFD2A338EF800CEA0FE /* TransmissionChannel.swift */,
				39D97EFF2A338F9C00CEA0FE /* Sender.swift */,
				39D97F052A33CDC200CEA0FE /* Backoff.swift */,
			);
			path = Back;
			sourceTree = "<group>";
		};
		39D97F072A33DDDA00CEA0FE /* Components */ = {
			isa = PBXGroup;
			children = (
				398CD43E2A4224E30069749D /* Information */,
				398CD43B2A4224890069749D /* Simulation */,
			);
			path = Components;
			sourceTree = "<group>";
		};
		39E9FEAA2A380565003A791C /* Views */ = {
			isa = PBXGroup;
			children = (
				398CD4382A4224440069749D /* Simulation */,
				398CD43A2A4224520069749D /* SideMenu */,
				398CD4392A42244C0069749D /* Information */,
			);
			path = Views;
			sourceTree = "<group>";
		};
/* End PBXGroup section */

/* Begin PBXNativeTarget section */
		3967BE6E2A2A5A95003E82F2 /* NetworksII */ = {
			isa = PBXNativeTarget;
			buildConfigurationList = 3967BE7E2A2A5A97003E82F2 /* Build configuration list for PBXNativeTarget "NetworksII" */;
			buildPhases = (
				3967BE6B2A2A5A95003E82F2 /* Sources */,
				3967BE6C2A2A5A95003E82F2 /* Frameworks */,
				3967BE6D2A2A5A95003E82F2 /* Resources */,
			);
			buildRules = (
			);
			dependencies = (
			);
			name = NetworksII;
			productName = NetworksII;
			productReference = 3967BE6F2A2A5A95003E82F2 /* NetworksII.app */;
			productType = "com.apple.product-type.application";
		};
/* End PBXNativeTarget section */

/* Begin PBXProject section */
		3967BE672A2A5A95003E82F2 /* Project object */ = {
			isa = PBXProject;
			attributes = {
				BuildIndependentTargetsInParallel = 1;
				LastSwiftUpdateCheck = 1420;
				LastUpgradeCheck = 1420;
				TargetAttributes = {
					3967BE6E2A2A5A95003E82F2 = {
						CreatedOnToolsVersion = 14.2;
					};
				};
			};
			buildConfigurationList = 3967BE6A2A2A5A95003E82F2 /* Build configuration list for PBXProject "NetworksII" */;
			compatibilityVersion = "Xcode 14.0";
			developmentRegion = en;
			hasScannedForEncodings = 0;
			knownRegions = (
				en,
				Base,
			);
			mainGroup = 3967BE662A2A5A95003E82F2;
			productRefGroup = 3967BE702A2A5A95003E82F2 /* Products */;
			projectDirPath = "";
			projectRoot = "";
			targets = (
				3967BE6E2A2A5A95003E82F2 /* NetworksII */,
			);
		};
/* End PBXProject section */

/* Begin PBXResourcesBuildPhase section */
		3967BE6D2A2A5A95003E82F2 /* Resources */ = {
			isa = PBXResourcesBuildPhase;
			buildActionMask = 2147483647;
			files = (
				3967BE7A2A2A5A97003E82F2 /* Preview Assets.xcassets in Resources */,
				3967BE772A2A5A97003E82F2 /* Assets.xcassets in Resources */,
			);
			runOnlyForDeploymentPostprocessing = 0;
		};
/* End PBXResourcesBuildPhase section */

/* Begin PBXSourcesBuildPhase section */
		3967BE6B2A2A5A95003E82F2 /* Sources */ = {
			isa = PBXSourcesBuildPhase;
			buildActionMask = 2147483647;
			files = (
				39D97F002A338F9C00CEA0FE /* Sender.swift in Sources */,
				39D97EFE2A338EF800CEA0FE /* TransmissionChannel.swift in Sources */,
				39E9FEAE2A38058A003A791C /* SideMenuView.swift in Sources */,
				398CD43D2A42249D0069749D /* ChannelComponent.swift in Sources */,
				398CD4402A4224F50069749D /* ChannelInformationComponent.swift in Sources */,
				39D97F092A33DDED00CEA0FE /* SenderView.swift in Sources */,
				398CD4372A41E64B0069749D /* LinesView.swift in Sources */,
				398CD4472A42259C0069749D /* SenderSimulationComponent.swift in Sources */,
				39E9FEB02A3805AD003A791C /* Main.swift in Sources */,
				398CD4332A3BB64D0069749D /* Simulation.swift in Sources */,
				398CD4452A4225730069749D /* LineComponent.swift in Sources */,
				398CD4302A3BA9BA0069749D /* InformationView.swift in Sources */,
				39D97F062A33CDC200CEA0FE /* Backoff.swift in Sources */,
				397353FB2A3A39210015FE6B /* View+Extensions.swift in Sources */,
				398CD4422A4225270069749D /* SenderInformationComponent.swift in Sources */,
				39E9FEAC2A38057C003A791C /* SimulationView.swift in Sources */,
				3967BE732A2A5A95003E82F2 /* NetworksIIApp.swift in Sources */,
			);
			runOnlyForDeploymentPostprocessing = 0;
		};
/* End PBXSourcesBuildPhase section */

/* Begin XCBuildConfiguration section */
		3967BE7C2A2A5A97003E82F2 /* Debug */ = {
			isa = XCBuildConfiguration;
			buildSettings = {
				ALWAYS_SEARCH_USER_PATHS = NO;
				CLANG_ANALYZER_NONNULL = YES;
				CLANG_ANALYZER_NUMBER_OBJECT_CONVERSION = YES_AGGRESSIVE;
				CLANG_CXX_LANGUAGE_STANDARD = "gnu++20";
				CLANG_ENABLE_MODULES = YES;
				CLANG_ENABLE_OBJC_ARC = YES;
				CLANG_ENABLE_OBJC_WEAK = YES;
				CLANG_WARN_BLOCK_CAPTURE_AUTORELEASING = YES;
				CLANG_WARN_BOOL_CONVERSION = YES;
				CLANG_WARN_COMMA = YES;
				CLANG_WARN_CONSTANT_CONVERSION = YES;
				CLANG_WARN_DEPRECATED_OBJC_IMPLEMENTATIONS = YES;
				CLANG_WARN_DIRECT_OBJC_ISA_USAGE = YES_ERROR;
				CLANG_WARN_DOCUMENTATION_COMMENTS = YES;
				CLANG_WARN_EMPTY_BODY = YES;
				CLANG_WARN_ENUM_CONVERSION = YES;
				CLANG_WARN_INFINITE_RECURSION = YES;
				CLANG_WARN_INT_CONVERSION = YES;
				CLANG_WARN_NON_LITERAL_NULL_CONVERSION = YES;
				CLANG_WARN_OBJC_IMPLICIT_RETAIN_SELF = YES;
				CLANG_WARN_OBJC_LITERAL_CONVERSION = YES;
				CLANG_WARN_OBJC_ROOT_CLASS = YES_ERROR;
				CLANG_WARN_QUOTED_INCLUDE_IN_FRAMEWORK_HEADER = YES;
				CLANG_WARN_RANGE_LOOP_ANALYSIS = YES;
				CLANG_WARN_STRICT_PROTOTYPES = YES;
				CLANG_WARN_SUSPICIOUS_MOVE = YES;
				CLANG_WARN_UNGUARDED_AVAILABILITY = YES_AGGRESSIVE;
				CLANG_WARN_UNREACHABLE_CODE = YES;
				CLANG_WARN__DUPLICATE_METHOD_MATCH = YES;
				COPY_PHASE_STRIP = NO;
				DEBUG_INFORMATION_FORMAT = dwarf;
				ENABLE_STRICT_OBJC_MSGSEND = YES;
				ENABLE_TESTABILITY = YES;
				GCC_C_LANGUAGE_STANDARD = gnu11;
				GCC_DYNAMIC_NO_PIC = NO;
				GCC_NO_COMMON_BLOCKS = YES;
				GCC_OPTIMIZATION_LEVEL = 0;
				GCC_PREPROCESSOR_DEFINITIONS = (
					"DEBUG=1",
					"$(inherited)",
				);
				GCC_WARN_64_TO_32_BIT_CONVERSION = YES;
				GCC_WARN_ABOUT_RETURN_TYPE = YES_ERROR;
				GCC_WARN_UNDECLARED_SELECTOR = YES;
				GCC_WARN_UNINITIALIZED_AUTOS = YES_AGGRESSIVE;
				GCC_WARN_UNUSED_FUNCTION = YES;
				GCC_WARN_UNUSED_VARIABLE = YES;
				MACOSX_DEPLOYMENT_TARGET = 13.1;
				MTL_ENABLE_DEBUG_INFO = INCLUDE_SOURCE;
				MTL_FAST_MATH = YES;
				ONLY_ACTIVE_ARCH = YES;
				SDKROOT = macosx;
				SWIFT_ACTIVE_COMPILATION_CONDITIONS = DEBUG;
				SWIFT_OPTIMIZATION_LEVEL = "-Onone";
			};
			name = Debug;
		};
		3967BE7D2A2A5A97003E82F2 /* Release */ = {
			isa = XCBuildConfiguration;
			buildSettings = {
				ALWAYS_SEARCH_USER_PATHS = NO;
				CLANG_ANALYZER_NONNULL = YES;
				CLANG_ANALYZER_NUMBER_OBJECT_CONVERSION = YES_AGGRESSIVE;
				CLANG_CXX_LANGUAGE_STANDARD = "gnu++20";
				CLANG_ENABLE_MODULES = YES;
				CLANG_ENABLE_OBJC_ARC = YES;
				CLANG_ENABLE_OBJC_WEAK = YES;
				CLANG_WARN_BLOCK_CAPTURE_AUTORELEASING = YES;
				CLANG_WARN_BOOL_CONVERSION = YES;
				CLANG_WARN_COMMA = YES;
				CLANG_WARN_CONSTANT_CONVERSION = YES;
				CLANG_WARN_DEPRECATED_OBJC_IMPLEMENTATIONS = YES;
				CLANG_WARN_DIRECT_OBJC_ISA_USAGE = YES_ERROR;
				CLANG_WARN_DOCUMENTATION_COMMENTS = YES;
				CLANG_WARN_EMPTY_BODY = YES;
				CLANG_WARN_ENUM_CONVERSION = YES;
				CLANG_WARN_INFINITE_RECURSION = YES;
				CLANG_WARN_INT_CONVERSION = YES;
				CLANG_WARN_NON_LITERAL_NULL_CONVERSION = YES;
				CLANG_WARN_OBJC_IMPLICIT_RETAIN_SELF = YES;
				CLANG_WARN_OBJC_LITERAL_CONVERSION = YES;
				CLANG_WARN_OBJC_ROOT_CLASS = YES_ERROR;
				CLANG_WARN_QUOTED_INCLUDE_IN_FRAMEWORK_HEADER = YES;
				CLANG_WARN_RANGE_LOOP_ANALYSIS = YES;
				CLANG_WARN_STRICT_PROTOTYPES = YES;
				CLANG_WARN_SUSPICIOUS_MOVE = YES;
				CLANG_WARN_UNGUARDED_AVAILABILITY = YES_AGGRESSIVE;
				CLANG_WARN_UNREACHABLE_CODE = YES;
				CLANG_WARN__DUPLICATE_METHOD_MATCH = YES;
				COPY_PHASE_STRIP = NO;
				DEBUG_INFORMATION_FORMAT = "dwarf-with-dsym";
				ENABLE_NS_ASSERTIONS = NO;
				ENABLE_STRICT_OBJC_MSGSEND = YES;
				GCC_C_LANGUAGE_STANDARD = gnu11;
				GCC_NO_COMMON_BLOCKS = YES;
				GCC_WARN_64_TO_32_BIT_CONVERSION = YES;
				GCC_WARN_ABOUT_RETURN_TYPE = YES_ERROR;
				GCC_WARN_UNDECLARED_SELECTOR = YES;
				GCC_WARN_UNINITIALIZED_AUTOS = YES_AGGRESSIVE;
				GCC_WARN_UNUSED_FUNCTION = YES;
				GCC_WARN_UNUSED_VARIABLE = YES;
				MACOSX_DEPLOYMENT_TARGET = 13.1;
				MTL_ENABLE_DEBUG_INFO = NO;
				MTL_FAST_MATH = YES;
				SDKROOT = macosx;
				SWIFT_COMPILATION_MODE = wholemodule;
				SWIFT_OPTIMIZATION_LEVEL = "-O";
			};
			name = Release;
		};
		3967BE7F2A2A5A97003E82F2 /* Debug */ = {
			isa = XCBuildConfiguration;
			buildSettings = {
				ASSETCATALOG_COMPILER_APPICON_NAME = AppIcon;
				ASSETCATALOG_COMPILER_GLOBAL_ACCENT_COLOR_NAME = AccentColor;
				CODE_SIGN_ENTITLEMENTS = NetworksII/NetworksII.entitlements;
				CODE_SIGN_STYLE = Automatic;
				COMBINE_HIDPI_IMAGES = YES;
				CURRENT_PROJECT_VERSION = 1;
				DEVELOPMENT_ASSET_PATHS = "\"NetworksII/Preview Content\"";
				DEVELOPMENT_TEAM = 83T7W4QPG8;
				ENABLE_HARDENED_RUNTIME = YES;
				ENABLE_PREVIEWS = YES;
				GENERATE_INFOPLIST_FILE = YES;
				INFOPLIST_KEY_NSHumanReadableCopyright = "";
				LD_RUNPATH_SEARCH_PATHS = (
					"$(inherited)",
					"@executable_path/../Frameworks",
				);
				MARKETING_VERSION = 1.0;
				PRODUCT_BUNDLE_IDENTIFIER = com.matheuxlp.NetworksII;
				PRODUCT_NAME = "$(TARGET_NAME)";
				SWIFT_EMIT_LOC_STRINGS = YES;
				SWIFT_VERSION = 5.0;
			};
			name = Debug;
		};
		3967BE802A2A5A97003E82F2 /* Release */ = {
			isa = XCBuildConfiguration;
			buildSettings = {
				ASSETCATALOG_COMPILER_APPICON_NAME = AppIcon;
				ASSETCATALOG_COMPILER_GLOBAL_ACCENT_COLOR_NAME = AccentColor;
				CODE_SIGN_ENTITLEMENTS = NetworksII/NetworksII.entitlements;
				CODE_SIGN_STYLE = Automatic;
				COMBINE_HIDPI_IMAGES = YES;
				CURRENT_PROJECT_VERSION = 1;
				DEVELOPMENT_ASSET_PATHS = "\"NetworksII/Preview Content\"";
				DEVELOPMENT_TEAM = 83T7W4QPG8;
				ENABLE_HARDENED_RUNTIME = YES;
				ENABLE_PREVIEWS = YES;
				GENERATE_INFOPLIST_FILE = YES;
				INFOPLIST_KEY_NSHumanReadableCopyright = "";
				LD_RUNPATH_SEARCH_PATHS = (
					"$(inherited)",
					"@executable_path/../Frameworks",
				);
				MARKETING_VERSION = 1.0;
				PRODUCT_BUNDLE_IDENTIFIER = com.matheuxlp.NetworksII;
				PRODUCT_NAME = "$(TARGET_NAME)";
				SWIFT_EMIT_LOC_STRINGS = YES;
				SWIFT_VERSION = 5.0;
			};
			name = Release;
		};
/* End XCBuildConfiguration section */

/* Begin XCConfigurationList section */
		3967BE6A2A2A5A95003E82F2 /* Build configuration list for PBXProject "NetworksII" */ = {
			isa = XCConfigurationList;
			buildConfigurations = (
				3967BE7C2A2A5A97003E82F2 /* Debug */,
				3967BE7D2A2A5A97003E82F2 /* Release */,
			);
			defaultConfigurationIsVisible = 0;
			defaultConfigurationName = Release;
		};
		3967BE7E2A2A5A97003E82F2 /* Build configuration list for PBXNativeTarget "NetworksII" */ = {
			isa = XCConfigurationList;
			buildConfigurations = (
				3967BE7F2A2A5A97003E82F2 /* Debug */,
				3967BE802A2A5A97003E82F2 /* Release */,
			);
			defaultConfigurationIsVisible = 0;
			defaultConfigurationName = Release;
		};
/* End XCConfigurationList section */
	};
	rootObject = 3967BE672A2A5A95003E82F2 /* Project object */;
}
